<?xml version="1.0" encoding="utf-8"?>
<Project ToolsVersion="4.0" xmlns="http://schemas.microsoft.com/developer/msbuild/2003">
  <ItemGroup>
    <Filter Include="Jiggle">
      <UniqueIdentifier>{B70F23BC-A3B1-4D92-8C6C-61E678ADD4E2}</UniqueIdentifier>
    </Filter>
  </ItemGroup>
  <ItemGroup>
    <ClInclude Include="src\Jiggle.h" />
    <ClInclude Include="src\Jiggle\Application.h">
      <Filter>Jiggle</Filter>
    </ClInclude>
    <ClInclude Include="src\Jiggle\Core.h">
      <Filter>Jiggle</Filter>
    </ClInclude>
    <ClInclude Include="src\Jiggle\EntryPoint.h">
      <Filter>Jiggle</Filter>
    </ClInclude>
    <ClInclude Include="src\Jiggle\Log.h">
      <Filter>Jiggle</Filter>
    </ClInclude>
  </ItemGroup>
  <ItemGroup>
    <ClCompile Include="src\Jiggle\Application.cpp">
      <Filter>Jiggle</Filter>
    </ClCompile>
    <ClCompile Include="src\Jiggle\Log.cpp">
      <Filter>Jiggle</Filter>
    </ClCompile>
  </ItemGroup>
</Project>